Microsoft Visual Studio Solution File, Format Version 12.00
# Visual Studio Version 16
VisualStudioVersion = 16.0.30114.105
MinimumVisualStudioVersion = 10.0.40219.1
Project("{FAE04EC0-301F-11D3-BF4B-00C04F79EFBC}") = "api", "api\api.csproj", "{BBAD5533-D1FA-4CCB-B790-7653BEEBBBAC}"
EndProject
Project("{FAE04EC0-301F-11D3-BF4B-00C04F79EFBC}") = "frontend", "frontend\frontend.csproj", "{96B1B449-0016-4521-B40B-494AACF4B88C}"
EndProject
Global
	GlobalSection(SolutionConfigurationPlatforms) = preSolution
		Debug|Any CPU = Debug|Any CPU
		Release|Any CPU = Release|Any CPU
	EndGlobalSection
	GlobalSection(SolutionProperties) = preSolution
		HideSolutionNode = FALSE
	EndGlobalSection
	GlobalSection(ProjectConfigurationPlatforms) = postSolution
		{BBAD5533-D1FA-4CCB-B790-7653BEEBBBAC}.Debug|Any CPU.ActiveCfg = Debug|Any CPU
		{BBAD5533-D1FA-4CCB-B790-7653BEEBBBAC}.Debug|Any CPU.Build.0 = Debug|Any CPU
		{BBAD5533-D1FA-4CCB-B790-7653BEEBBBAC}.Release|Any CPU.ActiveCfg = Release|Any CPU
		{BBAD5533-D1FA-4CCB-B790-7653BEEBBBAC}.Release|Any CPU.Build.0 = Release|Any CPU
		{96B1B449-0016-4521-B40B-494AACF4B88C}.Debug|Any CPU.ActiveCfg = Debug|Any CPU
		{96B1B449-0016-4521-B40B-494AACF4B88C}.Debug|Any CPU.Build.0 = Debug|Any CPU
		{96B1B449-0016-4521-B40B-494AACF4B88C}.Release|Any CPU.ActiveCfg = Release|Any CPU
		{96B1B449-0016-4521-B40B-494AACF4B88C}.Release|Any CPU.Build.0 = Release|Any CPU
	EndGlobalSection
EndGlobal
